
Microsoft Visual Studio Solution File, Format Version 12.00
# Visual Studio 15
VisualStudioVersion = 15.0.27130.2027
MinimumVisualStudioVersion = 10.0.40219.1
Project("{FAE04EC0-301F-11D3-BF4B-00C04F79EFBC}") = "ISBNcheck", "ConsoleApp1\ISBNcheck.csproj", "{77EB1C95-4E03-432C-8861-836C990717BE}"
EndProject
Project("{FAE04EC0-301F-11D3-BF4B-00C04F79EFBC}") = "ISBN.Tests", "ISBN.Tests\ISBN.Tests.csproj", "{C1A1BDF3-464C-4997-A4A7-B15EA098EB3B}"
EndProject
Global
	GlobalSection(SolutionConfigurationPlatforms) = preSolution
		Debug|Any CPU = Debug|Any CPU
		Release|Any CPU = Release|Any CPU
	EndGlobalSection
	GlobalSection(ProjectConfigurationPlatforms) = postSolution
		{77EB1C95-4E03-432C-8861-836C990717BE}.Debug|Any CPU.ActiveCfg = Debug|Any CPU
		{77EB1C95-4E03-432C-8861-836C990717BE}.Debug|Any CPU.Build.0 = Debug|Any CPU
		{77EB1C95-4E03-432C-8861-836C990717BE}.Release|Any CPU.ActiveCfg = Release|Any CPU
		{77EB1C95-4E03-432C-8861-836C990717BE}.Release|Any CPU.Build.0 = Release|Any CPU
		{C1A1BDF3-464C-4997-A4A7-B15EA098EB3B}.Debug|Any CPU.ActiveCfg = Debug|Any CPU
		{C1A1BDF3-464C-4997-A4A7-B15EA098EB3B}.Debug|Any CPU.Build.0 = Debug|Any CPU
		{C1A1BDF3-464C-4997-A4A7-B15EA098EB3B}.Release|Any CPU.ActiveCfg = Release|Any CPU
		{C1A1BDF3-464C-4997-A4A7-B15EA098EB3B}.Release|Any CPU.Build.0 = Release|Any CPU
	EndGlobalSection
	GlobalSection(SolutionProperties) = preSolution
		HideSolutionNode = FALSE
	EndGlobalSection
	GlobalSection(ExtensibilityGlobals) = postSolution
		SolutionGuid = {31108220-F147-4EB9-AB4B-3CC0709F9311}
	EndGlobalSection
EndGlobal
